# This file is @generated by PDM.
# It is not intended for manual editing.

[metadata]
groups = ["default"]
strategy = ["inherit_metadata"]
lock_version = "4.5.0"
content_hash = "sha256:ff1bbf61e49ee7cdd99c84c46541804a3320986683de2f7d8692547d1eb2bdf4"

[[metadata.targets]]
requires_python = ">=3.12"

[[package]]
name = "babel"
version = "2.17.0"
requires_python = ">=3.8"
summary = "Internationalization utilities"
groups = ["default"]
dependencies = [
    "pytz>=2015.7; python_version < \"3.9\"",
]
files = [
    {file = "babel-2.17.0-py3-none-any.whl", hash = "sha256:4d0b53093fdfb4b21c92b5213dba5a1b23885afa8383709427046b21c366e5f2"},
    {file = "babel-2.17.0.tar.gz", hash = "sha256:0c54cffb19f690cdcc52a3b50bcbf71e07a808d1c80d549f2459b9d2cf0afb9d"},
]

[[package]]
name = "graphviz"
version = "0.20.3"
requires_python = ">=3.8"
summary = "Simple Python interface for Graphviz"
groups = ["default"]
files = [
    {file = "graphviz-0.20.3-py3-none-any.whl", hash = "sha256:81f848f2904515d8cd359cc611faba817598d2feaac4027b266aa3eda7b3dde5"},
    {file = "graphviz-0.20.3.zip", hash = "sha256:09d6bc81e6a9fa392e7ba52135a9d49f1ed62526f96499325930e87ca1b5925d"},
]

[[package]]
name = "isodate"
version = "0.6.1"
summary = "An ISO 8601 date/time/duration parser and formatter"
groups = ["default"]
dependencies = [
    "six",
]
files = [
    {file = "isodate-0.6.1-py2.py3-none-any.whl", hash = "sha256:0751eece944162659049d35f4f549ed815792b38793f07cf73381c1c87cbed96"},
    {file = "isodate-0.6.1.tar.gz", hash = "sha256:48c5881de7e8b0a0d648cb024c8062dc84e7b840ed81e864c7614fd3c127bde9"},
]

[[package]]
name = "pyparsing"
version = "3.2.1"
requires_python = ">=3.9"
summary = "pyparsing module - Classes and methods to define and execute parsing grammars"
groups = ["default"]
files = [
    {file = "pyparsing-3.2.1-py3-none-any.whl", hash = "sha256:506ff4f4386c4cec0590ec19e6302d3aedb992fdc02c761e90416f158dacf8e1"},
    {file = "pyparsing-3.2.1.tar.gz", hash = "sha256:61980854fd66de3a90028d679a954d5f2623e83144b5afe5ee86f43d762e5f0a"},
]

[[package]]
name = "pyqt6"
version = "6.9.1"
requires_python = ">=3.9"
summary = "Python bindings for the Qt cross platform application toolkit"
groups = ["default"]
dependencies = [
    "PyQt6-Qt6<6.10.0,>=6.9.0",
    "PyQt6-sip<14,>=13.8",
]
files = [
    {file = "pyqt6-6.9.1-cp39-abi3-macosx_10_14_universal2.whl", hash = "sha256:33c23d28f6608747ecc8bfd04c8795f61631af9db4fb1e6c2a7523ec4cc916d9"},
    {file = "pyqt6-6.9.1-cp39-abi3-manylinux_2_28_x86_64.whl", hash = "sha256:37884df27f774e2e1c0c96fa41e817a222329b80ffc6241725b0dc8c110acb35"},
    {file = "pyqt6-6.9.1-cp39-abi3-manylinux_2_39_aarch64.whl", hash = "sha256:055870b703c1a49ca621f8a89e2ec4d848e6c739d39367eb9687af3b056d9aa3"},
    {file = "pyqt6-6.9.1-cp39-abi3-win_amd64.whl", hash = "sha256:15b95bd273bb6288b070ed7a9503d5ff377aa4882dd6d175f07cad28cdb21da0"},
    {file = "pyqt6-6.9.1-cp39-abi3-win_arm64.whl", hash = "sha256:08792c72d130a02e3248a120f0b9bbb4bf4319095f92865bc5b365b00518f53d"},
    {file = "pyqt6-6.9.1.tar.gz", hash = "sha256:50642be03fb40f1c2111a09a1f5a0f79813e039c15e78267e6faaf8a96c1c3a6"},
]

[[package]]
name = "pyqt6-qt6"
version = "6.9.1"
summary = "The subset of a Qt installation needed by PyQt6."
groups = ["default"]
files = [
    {file = "pyqt6_qt6-6.9.1-py3-none-macosx_10_14_x86_64.whl", hash = "sha256:3854c7f83ee4e8c2d91e23ab88b77f90e2ca7ace34fe72f634a446959f2b4d4a"},
    {file = "pyqt6_qt6-6.9.1-py3-none-macosx_11_0_arm64.whl", hash = "sha256:123e4aeb037c099bb4696a3ea8edcb1d9d62cedd0b2b950556b26024c97f3293"},
    {file = "pyqt6_qt6-6.9.1-py3-none-manylinux_2_28_x86_64.whl", hash = "sha256:cc5bd193ebd2d1a3ec66e1eee65bf532d762c239459bce1ecebf56177243e89b"},
    {file = "pyqt6_qt6-6.9.1-py3-none-manylinux_2_39_aarch64.whl", hash = "sha256:b065af7243d1d450a49470a8185301196a18b1d41085d3ef476eb55bbb225083"},
    {file = "pyqt6_qt6-6.9.1-py3-none-win_amd64.whl", hash = "sha256:f9e54c424bc921ecb76792a75d123e4ecfc26b00b0c57dae526f41f1d57951d3"},
    {file = "pyqt6_qt6-6.9.1-py3-none-win_arm64.whl", hash = "sha256:432caaedf5570bc8a9b7c75bc6af6a26bf88589536472eca73417ac019f59d41"},
]

[[package]]
name = "pyqt6-sip"
version = "13.10.0"
requires_python = ">=3.9"
summary = "The sip module support for PyQt6"
groups = ["default"]
files = [
    {file = "PyQt6_sip-13.10.0-cp312-cp312-macosx_10_9_universal2.whl", hash = "sha256:48791db2914fc39c3218519a02d2a5fd3fcd354a1be3141a57bf2880701486f2"},
    {file = "PyQt6_sip-13.10.0-cp312-cp312-manylinux_2_17_aarch64.manylinux2014_aarch64.whl", hash = "sha256:466d6b4791973c9fcbdc2e0087ed194b9ea802a8c3948867a849498f0841c70c"},
    {file = "PyQt6_sip-13.10.0-cp312-cp312-manylinux_2_5_x86_64.manylinux1_x86_64.whl", hash = "sha256:ae15358941f127cd3d1ab09c1ebd45c4dabb0b2e91587b9eebde0279d0039c54"},
    {file = "PyQt6_sip-13.10.0-cp312-cp312-win_amd64.whl", hash = "sha256:ad573184fa8b00041944e5a17d150ab0d08db2d2189e39c9373574ebab3f2e58"},
    {file = "PyQt6_sip-13.10.0-cp312-cp312-win_arm64.whl", hash = "sha256:2d579d810d0047d40bde9c6aef281d6ed218db93c9496ebc9e55b9e6f27a229d"},
    {file = "PyQt6_sip-13.10.0-cp313-cp313-macosx_10_13_universal2.whl", hash = "sha256:7b6e250c2e7c14702a623f2cc1479d7fb8db2b6eee9697cac10d06fe79c281bb"},
    {file = "PyQt6_sip-13.10.0-cp313-cp313-manylinux_2_17_aarch64.manylinux2014_aarch64.whl", hash = "sha256:0fcb30756568f8cd59290f9ef2ae5ee3e72ff9cdd61a6f80c9e3d3b95ae676be"},
    {file = "PyQt6_sip-13.10.0-cp313-cp313-manylinux_2_5_x86_64.manylinux1_x86_64.whl", hash = "sha256:757ac52c92b2ef0b56ecc7cd763b55a62d3c14271d7ea8d03315af85a70090ff"},
    {file = "PyQt6_sip-13.10.0-cp313-cp313-win_amd64.whl", hash = "sha256:571900c44a3e38738d696234d94fe2043972b9de0633505451c99e2922cb6a34"},
    {file = "PyQt6_sip-13.10.0-cp313-cp313-win_arm64.whl", hash = "sha256:39cba2cc71cf80a99b4dc8147b43508d4716e128f9fb99f5eb5860a37f082282"},
    {file = "pyqt6_sip-13.10.0.tar.gz", hash = "sha256:d6daa95a0bd315d9ec523b549e0ce97455f61ded65d5eafecd83ed2aa4ae5350"},
]

[[package]]
name = "rdflib"
version = "7.0.0"
requires_python = ">=3.8.1,<4.0.0"
summary = "RDFLib is a Python library for working with RDF, a simple yet powerful language for representing information."
groups = ["default"]
dependencies = [
    "isodate<0.7.0,>=0.6.0",
    "pyparsing<4,>=2.1.0",
]
files = [
    {file = "rdflib-7.0.0-py3-none-any.whl", hash = "sha256:0438920912a642c866a513de6fe8a0001bd86ef975057d6962c79ce4771687cd"},
    {file = "rdflib-7.0.0.tar.gz", hash = "sha256:9995eb8569428059b8c1affd26b25eac510d64f5043d9ce8c84e0d0036e995ae"},
]

[[package]]
name = "six"
version = "1.17.0"
requires_python = "!=3.0.*,!=3.1.*,!=3.2.*,>=2.7"
summary = "Python 2 and 3 compatibility utilities"
groups = ["default"]
files = [
    {file = "six-1.17.0-py2.py3-none-any.whl", hash = "sha256:4721f391ed90541fddacab5acf947aa0d3dc7d27b2e1e8eda2be8970586c3274"},
    {file = "six-1.17.0.tar.gz", hash = "sha256:ff70335d468e7eb6ec65b95b99d3a2836546063f63acc5171de367e834932a81"},
]
